
Microsoft Visual Studio Solution File, Format Version 12.00
# Visual Studio Version 17
VisualStudioVersion = 17.2.32602.215
MinimumVisualStudioVersion = 10.0.40219.1
Project("{FAE04EC0-301F-11D3-BF4B-00C04F79EFBC}") = "MyCollection.Android", "MyCollection\MyCollection.Android\MyCollection.Android.csproj", "{9FA1B7A8-39C0-413C-989F-2FD509A0098E}"
EndProject
Project("{FAE04EC0-301F-11D3-BF4B-00C04F79EFBC}") = "MyCollection.iOS", "MyCollection\MyCollection.iOS\MyCollection.iOS.csproj", "{0E8030EA-E046-40E1-B208-514ED0E0CBF8}"
EndProject
Project("{FAE04EC0-301F-11D3-BF4B-00C04F79EFBC}") = "MyCollection", "MyCollection\MyCollection\MyCollection.csproj", "{4A638FF3-7CA2-430F-8F5B-B6E3B183FCDC}"
EndProject
Global
	GlobalSection(SolutionConfigurationPlatforms) = preSolution
		Debug|Any CPU = Debug|Any CPU
		Debug|iPhone = Debug|iPhone
		Debug|iPhoneSimulator = Debug|iPhoneSimulator
		Release|Any CPU = Release|Any CPU
		Release|iPhone = Release|iPhone
		Release|iPhoneSimulator = Release|iPhoneSimulator
	EndGlobalSection
	GlobalSection(ProjectConfigurationPlatforms) = postSolution
		{9FA1B7A8-39C0-413C-989F-2FD509A0098E}.Debug|Any CPU.ActiveCfg = Debug|Any CPU
		{9FA1B7A8-39C0-413C-989F-2FD509A0098E}.Debug|Any CPU.Build.0 = Debug|Any CPU
		{9FA1B7A8-39C0-413C-989F-2FD509A0098E}.Debug|Any CPU.Deploy.0 = Debug|Any CPU
		{9FA1B7A8-39C0-413C-989F-2FD509A0098E}.Debug|iPhone.ActiveCfg = Debug|Any CPU
		{9FA1B7A8-39C0-413C-989F-2FD509A0098E}.Debug|iPhone.Build.0 = Debug|Any CPU
		{9FA1B7A8-39C0-413C-989F-2FD509A0098E}.Debug|iPhone.Deploy.0 = Debug|Any CPU
		{9FA1B7A8-39C0-413C-989F-2FD509A0098E}.Debug|iPhoneSimulator.ActiveCfg = Debug|Any CPU
		{9FA1B7A8-39C0-413C-989F-2FD509A0098E}.Debug|iPhoneSimulator.Build.0 = Debug|Any CPU
		{9FA1B7A8-39C0-413C-989F-2FD509A0098E}.Debug|iPhoneSimulator.Deploy.0 = Debug|Any CPU
		{9FA1B7A8-39C0-413C-989F-2FD509A0098E}.Release|Any CPU.ActiveCfg = Release|Any CPU
		{9FA1B7A8-39C0-413C-989F-2FD509A0098E}.Release|Any CPU.Build.0 = Release|Any CPU
		{9FA1B7A8-39C0-413C-989F-2FD509A0098E}.Release|Any CPU.Deploy.0 = Release|Any CPU
		{9FA1B7A8-39C0-413C-989F-2FD509A0098E}.Release|iPhone.ActiveCfg = Release|Any CPU
		{9FA1B7A8-39C0-413C-989F-2FD509A0098E}.Release|iPhone.Build.0 = Release|Any CPU
		{9FA1B7A8-39C0-413C-989F-2FD509A0098E}.Release|iPhone.Deploy.0 = Release|Any CPU
		{9FA1B7A8-39C0-413C-989F-2FD509A0098E}.Release|iPhoneSimulator.ActiveCfg = Release|Any CPU
		{9FA1B7A8-39C0-413C-989F-2FD509A0098E}.Release|iPhoneSimulator.Build.0 = Release|Any CPU
		{9FA1B7A8-39C0-413C-989F-2FD509A0098E}.Release|iPhoneSimulator.Deploy.0 = Release|Any CPU
		{0E8030EA-E046-40E1-B208-514ED0E0CBF8}.Debug|Any CPU.ActiveCfg = Debug|iPhone
		{0E8030EA-E046-40E1-B208-514ED0E0CBF8}.Debug|Any CPU.Build.0 = Debug|iPhone
		{0E8030EA-E046-40E1-B208-514ED0E0CBF8}.Debug|Any CPU.Deploy.0 = Debug|iPhone
		{0E8030EA-E046-40E1-B208-514ED0E0CBF8}.Debug|iPhone.ActiveCfg = Debug|iPhone
		{0E8030EA-E046-40E1-B208-514ED0E0CBF8}.Debug|iPhone.Build.0 = Debug|iPhone
		{0E8030EA-E046-40E1-B208-514ED0E0CBF8}.Debug|iPhone.Deploy.0 = Debug|iPhone
		{0E8030EA-E046-40E1-B208-514ED0E0CBF8}.Debug|iPhoneSimulator.ActiveCfg = Debug|iPhoneSimulator
		{0E8030EA-E046-40E1-B208-514ED0E0CBF8}.Debug|iPhoneSimulator.Build.0 = Debug|iPhoneSimulator
		{0E8030EA-E046-40E1-B208-514ED0E0CBF8}.Debug|iPhoneSimulator.Deploy.0 = Debug|iPhoneSimulator
		{0E8030EA-E046-40E1-B208-514ED0E0CBF8}.Release|Any CPU.ActiveCfg = Release|iPhoneSimulator
		{0E8030EA-E046-40E1-B208-514ED0E0CBF8}.Release|Any CPU.Build.0 = Release|iPhoneSimulator
		{0E8030EA-E046-40E1-B208-514ED0E0CBF8}.Release|Any CPU.Deploy.0 = Release|iPhoneSimulator
		{0E8030EA-E046-40E1-B208-514ED0E0CBF8}.Release|iPhone.ActiveCfg = Release|iPhone
		{0E8030EA-E046-40E1-B208-514ED0E0CBF8}.Release|iPhone.Build.0 = Release|iPhone
		{0E8030EA-E046-40E1-B208-514ED0E0CBF8}.Release|iPhone.Deploy.0 = Release|iPhone
		{0E8030EA-E046-40E1-B208-514ED0E0CBF8}.Release|iPhoneSimulator.ActiveCfg = Release|iPhoneSimulator
		{0E8030EA-E046-40E1-B208-514ED0E0CBF8}.Release|iPhoneSimulator.Build.0 = Release|iPhoneSimulator
		{0E8030EA-E046-40E1-B208-514ED0E0CBF8}.Release|iPhoneSimulator.Deploy.0 = Release|iPhoneSimulator
		{4A638FF3-7CA2-430F-8F5B-B6E3B183FCDC}.Debug|Any CPU.ActiveCfg = Debug|Any CPU
		{4A638FF3-7CA2-430F-8F5B-B6E3B183FCDC}.Debug|Any CPU.Build.0 = Debug|Any CPU
		{4A638FF3-7CA2-430F-8F5B-B6E3B183FCDC}.Debug|Any CPU.Deploy.0 = Debug|Any CPU
		{4A638FF3-7CA2-430F-8F5B-B6E3B183FCDC}.Debug|iPhone.ActiveCfg = Debug|Any CPU
		{4A638FF3-7CA2-430F-8F5B-B6E3B183FCDC}.Debug|iPhone.Build.0 = Debug|Any CPU
		{4A638FF3-7CA2-430F-8F5B-B6E3B183FCDC}.Debug|iPhone.Deploy.0 = Debug|Any CPU
		{4A638FF3-7CA2-430F-8F5B-B6E3B183FCDC}.Debug|iPhoneSimulator.ActiveCfg = Debug|Any CPU
		{4A638FF3-7CA2-430F-8F5B-B6E3B183FCDC}.Debug|iPhoneSimulator.Build.0 = Debug|Any CPU
		{4A638FF3-7CA2-430F-8F5B-B6E3B183FCDC}.Debug|iPhoneSimulator.Deploy.0 = Debug|Any CPU
		{4A638FF3-7CA2-430F-8F5B-B6E3B183FCDC}.Release|Any CPU.ActiveCfg = Release|Any CPU
		{4A638FF3-7CA2-430F-8F5B-B6E3B183FCDC}.Release|Any CPU.Build.0 = Release|Any CPU
		{4A638FF3-7CA2-430F-8F5B-B6E3B183FCDC}.Release|Any CPU.Deploy.0 = Release|Any CPU
		{4A638FF3-7CA2-430F-8F5B-B6E3B183FCDC}.Release|iPhone.ActiveCfg = Release|Any CPU
		{4A638FF3-7CA2-430F-8F5B-B6E3B183FCDC}.Release|iPhone.Build.0 = Release|Any CPU
		{4A638FF3-7CA2-430F-8F5B-B6E3B183FCDC}.Release|iPhone.Deploy.0 = Release|Any CPU
		{4A638FF3-7CA2-430F-8F5B-B6E3B183FCDC}.Release|iPhoneSimulator.ActiveCfg = Release|Any CPU
		{4A638FF3-7CA2-430F-8F5B-B6E3B183FCDC}.Release|iPhoneSimulator.Build.0 = Release|Any CPU
		{4A638FF3-7CA2-430F-8F5B-B6E3B183FCDC}.Release|iPhoneSimulator.Deploy.0 = Release|Any CPU
	EndGlobalSection
	GlobalSection(SolutionProperties) = preSolution
		HideSolutionNode = FALSE
	EndGlobalSection
	GlobalSection(ExtensibilityGlobals) = postSolution
		SolutionGuid = {4CC6EA26-8A1B-43B4-842C-DACAABE6F571}
	EndGlobalSection
EndGlobal
